
Microsoft Visual Studio Solution File, Format Version 12.00
# Visual Studio Express 2013 for Web
VisualStudioVersion = 12.0.30723.0
MinimumVisualStudioVersion = 10.0.40219.1
Project("{FAE04EC0-301F-11D3-BF4B-00C04F79EFBC}") = "SJGH_Project", "SJGH_Project\SJGH_Project.csproj", "{D27EA7E1-D45E-432B-B679-68D3BF34CB78}"
EndProject
Global
	GlobalSection(SolutionConfigurationPlatforms) = preSolution
		Debug|Any CPU = Debug|Any CPU
		Release|Any CPU = Release|Any CPU
	EndGlobalSection
	GlobalSection(ProjectConfigurationPlatforms) = postSolution
		{D27EA7E1-D45E-432B-B679-68D3BF34CB78}.Debug|Any CPU.ActiveCfg = Debug|Any CPU
		{D27EA7E1-D45E-432B-B679-68D3BF34CB78}.Debug|Any CPU.Build.0 = Debug|Any CPU
		{D27EA7E1-D45E-432B-B679-68D3BF34CB78}.Release|Any CPU.ActiveCfg = Release|Any CPU
		{D27EA7E1-D45E-432B-B679-68D3BF34CB78}.Release|Any CPU.Build.0 = Release|Any CPU
	EndGlobalSection
	GlobalSection(SolutionProperties) = preSolution
		HideSolutionNode = FALSE
	EndGlobalSection
EndGlobal
